// !$*UTF8*$!
{
	archiveVersion = 1;
	classes = {
	};
	objectVersion = 55;
	objects = {

/* Begin PBXBuildFile section */
		854A5B9028747D4400CB3942 /* QuestionViewtvOS.swift in Sources */ = {isa = PBXBuildFile; fileRef = 854A5B8F28747D4400CB3942 /* QuestionViewtvOS.swift */; };
		85611F3B2874A6950067855D /* Message.swift in Sources */ = {isa = PBXBuildFile; fileRef = 85611F3A2874A6950067855D /* Message.swift */; };
		85611F3F2874A9280067855D /* MPCManager.swift in Sources */ = {isa = PBXBuildFile; fileRef = 85611F3E2874A9280067855D /* MPCManager.swift */; };
		856A7C4B287716DC00A4BFEE /* Questions.swift in Sources */ = {isa = PBXBuildFile; fileRef = 856A7C4A287716DC00A4BFEE /* Questions.swift */; };
		857B746228749F7700552DB9 /* Question.swift in Sources */ = {isa = PBXBuildFile; fileRef = 857B746128749F7700552DB9 /* Question.swift */; };
		85AC492F287C144C000FFD4B /* Profile.swift in Sources */ = {isa = PBXBuildFile; fileRef = 85AC492E287C144C000FFD4B /* Profile.swift */; };
		85AC4931287C14A5000FFD4B /* UserConnection.swift in Sources */ = {isa = PBXBuildFile; fileRef = 85AC4930287C14A5000FFD4B /* UserConnection.swift */; };
		85AC4935287C4DE4000FFD4B /* PlayersView.swift in Sources */ = {isa = PBXBuildFile; fileRef = 85AC4934287C4DE4000FFD4B /* PlayersView.swift */; };
		85AC4939287C77DD000FFD4B /* ResultView.swift in Sources */ = {isa = PBXBuildFile; fileRef = 85AC4938287C77DD000FFD4B /* ResultView.swift */; };
		85AEFA012874720F00F871E1 /* WhereWeGoApptvOSApp.swift in Sources */ = {isa = PBXBuildFile; fileRef = 85AEFA002874720F00F871E1 /* WhereWeGoApptvOSApp.swift */; };
		85AEFA032874720F00F871E1 /* ContentView.swift in Sources */ = {isa = PBXBuildFile; fileRef = 85AEFA022874720F00F871E1 /* ContentView.swift */; };
		85AEFA052874721000F871E1 /* Assets.xcassets in Resources */ = {isa = PBXBuildFile; fileRef = 85AEFA042874721000F871E1 /* Assets.xcassets */; };
		85AEFA082874721000F871E1 /* Preview Assets.xcassets in Resources */ = {isa = PBXBuildFile; fileRef = 85AEFA072874721000F871E1 /* Preview Assets.xcassets */; };
		85BE35172874789B009E24A2 /* PreliminaryQuestion.swift in Sources */ = {isa = PBXBuildFile; fileRef = 85BE35162874789B009E24A2 /* PreliminaryQuestion.swift */; };
		85FBAF20287576DF00A080F3 /* Mare.mp4 in Resources */ = {isa = PBXBuildFile; fileRef = 85FBAF1F287576DF00A080F3 /* Mare.mp4 */; };
		85FBAF222875789D00A080F3 /* PlayerView.swift in Sources */ = {isa = PBXBuildFile; fileRef = 85FBAF212875789D00A080F3 /* PlayerView.swift */; };
		85FBAF2428758D8C00A080F3 /* Questions.apns in Resources */ = {isa = PBXBuildFile; fileRef = 85FBAF2328758D8C00A080F3 /* Questions.apns */; };
		85FBAF2628759E0800A080F3 /* JsonUtility.swift in Sources */ = {isa = PBXBuildFile; fileRef = 85FBAF2528759E0800A080F3 /* JsonUtility.swift */; };
		85FBAF282875CECC00A080F3 /* setQuestionView.swift in Sources */ = {isa = PBXBuildFile; fileRef = 85FBAF272875CECC00A080F3 /* setQuestionView.swift */; };
		85FBAF2A2875CF3000A080F3 /* InitialView.swift in Sources */ = {isa = PBXBuildFile; fileRef = 85FBAF292875CF3000A080F3 /* InitialView.swift */; };
/* End PBXBuildFile section */

/* Begin PBXFileReference section */
		854A5B8F28747D4400CB3942 /* QuestionViewtvOS.swift */ = {isa = PBXFileReference; fileEncoding = 4; lastKnownFileType = sourcecode.swift; path = QuestionViewtvOS.swift; sourceTree = "<group>"; };
		85611F3A2874A6950067855D /* Message.swift */ = {isa = PBXFileReference; lastKnownFileType = sourcecode.swift; path = Message.swift; sourceTree = "<group>"; };
		85611F3E2874A9280067855D /* MPCManager.swift */ = {isa = PBXFileReference; lastKnownFileType = sourcecode.swift; path = MPCManager.swift; sourceTree = "<group>"; };
		856A7C4A287716DC00A4BFEE /* Questions.swift */ = {isa = PBXFileReference; lastKnownFileType = sourcecode.swift; path = Questions.swift; sourceTree = "<group>"; };
		857B746128749F7700552DB9 /* Question.swift */ = {isa = PBXFileReference; lastKnownFileType = sourcecode.swift; path = Question.swift; sourceTree = "<group>"; };
		85AC492E287C144C000FFD4B /* Profile.swift */ = {isa = PBXFileReference; lastKnownFileType = sourcecode.swift; path = Profile.swift; sourceTree = "<group>"; };
		85AC4930287C14A5000FFD4B /* UserConnection.swift */ = {isa = PBXFileReference; lastKnownFileType = sourcecode.swift; path = UserConnection.swift; sourceTree = "<group>"; };
		85AC4934287C4DE4000FFD4B /* PlayersView.swift */ = {isa = PBXFileReference; fileEncoding = 4; lastKnownFileType = sourcecode.swift; path = PlayersView.swift; sourceTree = "<group>"; };
		85AC4938287C77DD000FFD4B /* ResultView.swift */ = {isa = PBXFileReference; fileEncoding = 4; lastKnownFileType = sourcecode.swift; path = ResultView.swift; sourceTree = "<group>"; };
		85AEF9FD2874720F00F871E1 /* WhereWeGoApptvOS.app */ = {isa = PBXFileReference; explicitFileType = wrapper.application; includeInIndex = 0; path = WhereWeGoApptvOS.app; sourceTree = BUILT_PRODUCTS_DIR; };
		85AEFA002874720F00F871E1 /* WhereWeGoApptvOSApp.swift */ = {isa = PBXFileReference; lastKnownFileType = sourcecode.swift; path = WhereWeGoApptvOSApp.swift; sourceTree = "<group>"; };
		85AEFA022874720F00F871E1 /* ContentView.swift */ = {isa = PBXFileReference; lastKnownFileType = sourcecode.swift; path = ContentView.swift; sourceTree = "<group>"; };
		85AEFA042874721000F871E1 /* Assets.xcassets */ = {isa = PBXFileReference; lastKnownFileType = folder.assetcatalog; path = Assets.xcassets; sourceTree = "<group>"; };
		85AEFA072874721000F871E1 /* Preview Assets.xcassets */ = {isa = PBXFileReference; lastKnownFileType = folder.assetcatalog; path = "Preview Assets.xcassets"; sourceTree = "<group>"; };
		85BD791C28788880002FA178 /* Info.plist */ = {isa = PBXFileReference; lastKnownFileType = text.plist; path = Info.plist; sourceTree = "<group>"; };
		85BE35162874789B009E24A2 /* PreliminaryQuestion.swift */ = {isa = PBXFileReference; fileEncoding = 4; lastKnownFileType = sourcecode.swift; path = PreliminaryQuestion.swift; sourceTree = "<group>"; };
		85FBAF1F287576DF00A080F3 /* Mare.mp4 */ = {isa = PBXFileReference; lastKnownFileType = file; path = Mare.mp4; sourceTree = "<group>"; };
		85FBAF212875789D00A080F3 /* PlayerView.swift */ = {isa = PBXFileReference; lastKnownFileType = sourcecode.swift; path = PlayerView.swift; sourceTree = "<group>"; };
		85FBAF2328758D8C00A080F3 /* Questions.apns */ = {isa = PBXFileReference; fileEncoding = 4; lastKnownFileType = text; path = Questions.apns; sourceTree = "<group>"; };
		85FBAF2528759E0800A080F3 /* JsonUtility.swift */ = {isa = PBXFileReference; lastKnownFileType = sourcecode.swift; path = JsonUtility.swift; sourceTree = "<group>"; };
		85FBAF272875CECC00A080F3 /* setQuestionView.swift */ = {isa = PBXFileReference; lastKnownFileType = sourcecode.swift; path = setQuestionView.swift; sourceTree = "<group>"; };
		85FBAF292875CF3000A080F3 /* InitialView.swift */ = {isa = PBXFileReference; lastKnownFileType = sourcecode.swift; path = InitialView.swift; sourceTree = "<group>"; };
/* End PBXFileReference section */

/* Begin PBXFrameworksBuildPhase section */
		85AEF9FA2874720F00F871E1 /* Frameworks */ = {
			isa = PBXFrameworksBuildPhase;
			buildActionMask = 2147483647;
			files = (
			);
			runOnlyForDeploymentPostprocessing = 0;
		};
/* End PBXFrameworksBuildPhase section */

/* Begin PBXGroup section */
		857B74642874A5C300552DB9 /* Connectivity */ = {
			isa = PBXGroup;
			children = (
				85611F3A2874A6950067855D /* Message.swift */,
				85611F3E2874A9280067855D /* MPCManager.swift */,
				85AC492E287C144C000FFD4B /* Profile.swift */,
				85AC4930287C14A5000FFD4B /* UserConnection.swift */,
			);
			path = Connectivity;
			sourceTree = "<group>";
		};
		85AEF9F42874720F00F871E1 = {
			isa = PBXGroup;
			children = (
				857B74642874A5C300552DB9 /* Connectivity */,
				85AEF9FF2874720F00F871E1 /* WhereWeGoApptvOS */,
				85AEF9FE2874720F00F871E1 /* Products */,
			);
			sourceTree = "<group>";
		};
		85AEF9FE2874720F00F871E1 /* Products */ = {
			isa = PBXGroup;
			children = (
				85AEF9FD2874720F00F871E1 /* WhereWeGoApptvOS.app */,
			);
			name = Products;
			sourceTree = "<group>";
		};
		85AEF9FF2874720F00F871E1 /* WhereWeGoApptvOS */ = {
			isa = PBXGroup;
			children = (
				85BD791C28788880002FA178 /* Info.plist */,
				85FBAF1F287576DF00A080F3 /* Mare.mp4 */,
				85AEFA022874720F00F871E1 /* ContentView.swift */,
				85FBAF292875CF3000A080F3 /* InitialView.swift */,
				85AC4934287C4DE4000FFD4B /* PlayersView.swift */,
				854A5B8F28747D4400CB3942 /* QuestionViewtvOS.swift */,
				85AC4938287C77DD000FFD4B /* ResultView.swift */,
				85AEFA002874720F00F871E1 /* WhereWeGoApptvOSApp.swift */,
				85BE35162874789B009E24A2 /* PreliminaryQuestion.swift */,
				857B746128749F7700552DB9 /* Question.swift */,
				85FBAF2528759E0800A080F3 /* JsonUtility.swift */,
				85FBAF272875CECC00A080F3 /* setQuestionView.swift */,
				85FBAF2328758D8C00A080F3 /* Questions.apns */,
				85AEFA042874721000F871E1 /* Assets.xcassets */,
				85AEFA062874721000F871E1 /* Preview Content */,
				856A7C4A287716DC00A4BFEE /* Questions.swift */,
				85FBAF212875789D00A080F3 /* PlayerView.swift */,
			);
			path = WhereWeGoApptvOS;
			sourceTree = "<group>";
		};
		85AEFA062874721000F871E1 /* Preview Content */ = {
			isa = PBXGroup;
			children = (
				85AEFA072874721000F871E1 /* Preview Assets.xcassets */,
			);
			path = "Preview Content";
			sourceTree = "<group>";
		};
/* End PBXGroup section */

/* Begin PBXNativeTarget section */
		85AEF9FC2874720F00F871E1 /* WhereWeGoApptvOS */ = {
			isa = PBXNativeTarget;
			buildConfigurationList = 85AEFA0B2874721000F871E1 /* Build configuration list for PBXNativeTarget "WhereWeGoApptvOS" */;
			buildPhases = (
				85AEF9F92874720F00F871E1 /* Sources */,
				85AEF9FA2874720F00F871E1 /* Frameworks */,
				85AEF9FB2874720F00F871E1 /* Resources */,
			);
			buildRules = (
			);
			dependencies = (
			);
			name = WhereWeGoApptvOS;
			productName = WhereWeGoApptvOS;
			productReference = 85AEF9FD2874720F00F871E1 /* WhereWeGoApptvOS.app */;
			productType = "com.apple.product-type.application";
		};
/* End PBXNativeTarget section */

/* Begin PBXProject section */
		85AEF9F52874720F00F871E1 /* Project object */ = {
			isa = PBXProject;
			attributes = {
				BuildIndependentTargetsInParallel = 1;
				LastSwiftUpdateCheck = 1340;
				LastUpgradeCheck = 1340;
				TargetAttributes = {
					85AEF9FC2874720F00F871E1 = {
						CreatedOnToolsVersion = 13.4.1;
					};
				};
			};
			buildConfigurationList = 85AEF9F82874720F00F871E1 /* Build configuration list for PBXProject "WhereWeGoApptvOS" */;
			compatibilityVersion = "Xcode 13.0";
			developmentRegion = en;
			hasScannedForEncodings = 0;
			knownRegions = (
				en,
				Base,
			);
			mainGroup = 85AEF9F42874720F00F871E1;
			productRefGroup = 85AEF9FE2874720F00F871E1 /* Products */;
			projectDirPath = "";
			projectRoot = "";
			targets = (
				85AEF9FC2874720F00F871E1 /* WhereWeGoApptvOS */,
			);
		};
/* End PBXProject section */

/* Begin PBXResourcesBuildPhase section */
		85AEF9FB2874720F00F871E1 /* Resources */ = {
			isa = PBXResourcesBuildPhase;
			buildActionMask = 2147483647;
			files = (
				85FBAF20287576DF00A080F3 /* Mare.mp4 in Resources */,
				85FBAF2428758D8C00A080F3 /* Questions.apns in Resources */,
				85AEFA082874721000F871E1 /* Preview Assets.xcassets in Resources */,
				85AEFA052874721000F871E1 /* Assets.xcassets in Resources */,
			);
			runOnlyForDeploymentPostprocessing = 0;
		};
/* End PBXResourcesBuildPhase section */

/* Begin PBXSourcesBuildPhase section */
		85AEF9F92874720F00F871E1 /* Sources */ = {
			isa = PBXSourcesBuildPhase;
			buildActionMask = 2147483647;
			files = (
				85FBAF2A2875CF3000A080F3 /* InitialView.swift in Sources */,
				85AC492F287C144C000FFD4B /* Profile.swift in Sources */,
				85FBAF282875CECC00A080F3 /* setQuestionView.swift in Sources */,
				857B746228749F7700552DB9 /* Question.swift in Sources */,
				85BE35172874789B009E24A2 /* PreliminaryQuestion.swift in Sources */,
				85AC4939287C77DD000FFD4B /* ResultView.swift in Sources */,
				85AEFA032874720F00F871E1 /* ContentView.swift in Sources */,
				85AC4935287C4DE4000FFD4B /* PlayersView.swift in Sources */,
				85FBAF222875789D00A080F3 /* PlayerView.swift in Sources */,
				85611F3B2874A6950067855D /* Message.swift in Sources */,
				85611F3F2874A9280067855D /* MPCManager.swift in Sources */,
				85FBAF2628759E0800A080F3 /* JsonUtility.swift in Sources */,
				856A7C4B287716DC00A4BFEE /* Questions.swift in Sources */,
				854A5B9028747D4400CB3942 /* QuestionViewtvOS.swift in Sources */,
				85AC4931287C14A5000FFD4B /* UserConnection.swift in Sources */,
				85AEFA012874720F00F871E1 /* WhereWeGoApptvOSApp.swift in Sources */,
			);
			runOnlyForDeploymentPostprocessing = 0;
		};
/* End PBXSourcesBuildPhase section */

/* Begin XCBuildConfiguration section */
		85AEFA092874721000F871E1 /* Debug */ = {
			isa = XCBuildConfiguration;
			buildSettings = {
				ALWAYS_SEARCH_USER_PATHS = NO;
				CLANG_ANALYZER_NONNULL = YES;
				CLANG_ANALYZER_NUMBER_OBJECT_CONVERSION = YES_AGGRESSIVE;
				CLANG_CXX_LANGUAGE_STANDARD = "gnu++17";
				CLANG_ENABLE_MODULES = YES;
				CLANG_ENABLE_OBJC_ARC = YES;
				CLANG_ENABLE_OBJC_WEAK = YES;
				CLANG_WARN_BLOCK_CAPTURE_AUTORELEASING = YES;
				CLANG_WARN_BOOL_CONVERSION = YES;
				CLANG_WARN_COMMA = YES;
				CLANG_WARN_CONSTANT_CONVERSION = YES;
				CLANG_WARN_DEPRECATED_OBJC_IMPLEMENTATIONS = YES;
				CLANG_WARN_DIRECT_OBJC_ISA_USAGE = YES_ERROR;
				CLANG_WARN_DOCUMENTATION_COMMENTS = YES;
				CLANG_WARN_EMPTY_BODY = YES;
				CLANG_WARN_ENUM_CONVERSION = YES;
				CLANG_WARN_INFINITE_RECURSION = YES;
				CLANG_WARN_INT_CONVERSION = YES;
				CLANG_WARN_NON_LITERAL_NULL_CONVERSION = YES;
				CLANG_WARN_OBJC_IMPLICIT_RETAIN_SELF = YES;
				CLANG_WARN_OBJC_LITERAL_CONVERSION = YES;
				CLANG_WARN_OBJC_ROOT_CLASS = YES_ERROR;
				CLANG_WARN_QUOTED_INCLUDE_IN_FRAMEWORK_HEADER = YES;
				CLANG_WARN_RANGE_LOOP_ANALYSIS = YES;
				CLANG_WARN_STRICT_PROTOTYPES = YES;
				CLANG_WARN_SUSPICIOUS_MOVE = YES;
				CLANG_WARN_UNGUARDED_AVAILABILITY = YES_AGGRESSIVE;
				CLANG_WARN_UNREACHABLE_CODE = YES;
				CLANG_WARN__DUPLICATE_METHOD_MATCH = YES;
				COPY_PHASE_STRIP = NO;
				DEBUG_INFORMATION_FORMAT = dwarf;
				ENABLE_STRICT_OBJC_MSGSEND = YES;
				ENABLE_TESTABILITY = YES;
				GCC_C_LANGUAGE_STANDARD = gnu11;
				GCC_DYNAMIC_NO_PIC = NO;
				GCC_NO_COMMON_BLOCKS = YES;
				GCC_OPTIMIZATION_LEVEL = 0;
				GCC_PREPROCESSOR_DEFINITIONS = (
					"DEBUG=1",
					"$(inherited)",
				);
				GCC_WARN_64_TO_32_BIT_CONVERSION = YES;
				GCC_WARN_ABOUT_RETURN_TYPE = YES_ERROR;
				GCC_WARN_UNDECLARED_SELECTOR = YES;
				GCC_WARN_UNINITIALIZED_AUTOS = YES_AGGRESSIVE;
				GCC_WARN_UNUSED_FUNCTION = YES;
				GCC_WARN_UNUSED_VARIABLE = YES;
				MTL_ENABLE_DEBUG_INFO = INCLUDE_SOURCE;
				MTL_FAST_MATH = YES;
				ONLY_ACTIVE_ARCH = YES;
				SDKROOT = appletvos;
				SWIFT_ACTIVE_COMPILATION_CONDITIONS = DEBUG;
				SWIFT_OPTIMIZATION_LEVEL = "-Onone";
				TVOS_DEPLOYMENT_TARGET = 15.4;
			};
			name = Debug;
		};
		85AEFA0A2874721000F871E1 /* Release */ = {
			isa = XCBuildConfiguration;
			buildSettings = {
				ALWAYS_SEARCH_USER_PATHS = NO;
				CLANG_ANALYZER_NONNULL = YES;
				CLANG_ANALYZER_NUMBER_OBJECT_CONVERSION = YES_AGGRESSIVE;
				CLANG_CXX_LANGUAGE_STANDARD = "gnu++17";
				CLANG_ENABLE_MODULES = YES;
				CLANG_ENABLE_OBJC_ARC = YES;
				CLANG_ENABLE_OBJC_WEAK = YES;
				CLANG_WARN_BLOCK_CAPTURE_AUTORELEASING = YES;
				CLANG_WARN_BOOL_CONVERSION = YES;
				CLANG_WARN_COMMA = YES;
				CLANG_WARN_CONSTANT_CONVERSION = YES;
				CLANG_WARN_DEPRECATED_OBJC_IMPLEMENTATIONS = YES;
				CLANG_WARN_DIRECT_OBJC_ISA_USAGE = YES_ERROR;
				CLANG_WARN_DOCUMENTATION_COMMENTS = YES;
				CLANG_WARN_EMPTY_BODY = YES;
				CLANG_WARN_ENUM_CONVERSION = YES;
				CLANG_WARN_INFINITE_RECURSION = YES;
				CLANG_WARN_INT_CONVERSION = YES;
				CLANG_WARN_NON_LITERAL_NULL_CONVERSION = YES;
				CLANG_WARN_OBJC_IMPLICIT_RETAIN_SELF = YES;
				CLANG_WARN_OBJC_LITERAL_CONVERSION = YES;
				CLANG_WARN_OBJC_ROOT_CLASS = YES_ERROR;
				CLANG_WARN_QUOTED_INCLUDE_IN_FRAMEWORK_HEADER = YES;
				CLANG_WARN_RANGE_LOOP_ANALYSIS = YES;
				CLANG_WARN_STRICT_PROTOTYPES = YES;
				CLANG_WARN_SUSPICIOUS_MOVE = YES;
				CLANG_WARN_UNGUARDED_AVAILABILITY = YES_AGGRESSIVE;
				CLANG_WARN_UNREACHABLE_CODE = YES;
				CLANG_WARN__DUPLICATE_METHOD_MATCH = YES;
				COPY_PHASE_STRIP = NO;
				DEBUG_INFORMATION_FORMAT = "dwarf-with-dsym";
				ENABLE_NS_ASSERTIONS = NO;
				ENABLE_STRICT_OBJC_MSGSEND = YES;
				GCC_C_LANGUAGE_STANDARD = gnu11;
				GCC_NO_COMMON_BLOCKS = YES;
				GCC_WARN_64_TO_32_BIT_CONVERSION = YES;
				GCC_WARN_ABOUT_RETURN_TYPE = YES_ERROR;
				GCC_WARN_UNDECLARED_SELECTOR = YES;
				GCC_WARN_UNINITIALIZED_AUTOS = YES_AGGRESSIVE;
				GCC_WARN_UNUSED_FUNCTION = YES;
				GCC_WARN_UNUSED_VARIABLE = YES;
				MTL_ENABLE_DEBUG_INFO = NO;
				MTL_FAST_MATH = YES;
				SDKROOT = appletvos;
				SWIFT_COMPILATION_MODE = wholemodule;
				SWIFT_OPTIMIZATION_LEVEL = "-O";
				TVOS_DEPLOYMENT_TARGET = 15.4;
				VALIDATE_PRODUCT = YES;
			};
			name = Release;
		};
		85AEFA0C2874721000F871E1 /* Debug */ = {
			isa = XCBuildConfiguration;
			buildSettings = {
				ASSETCATALOG_COMPILER_APPICON_NAME = "App Icon & Top Shelf Image";
				ASSETCATALOG_COMPILER_GLOBAL_ACCENT_COLOR_NAME = AccentColor;
				CODE_SIGN_STYLE = Automatic;
				CURRENT_PROJECT_VERSION = 1;
				DEVELOPMENT_ASSET_PATHS = "\"WhereWeGoApptvOS/Preview Content\"";
				DEVELOPMENT_TEAM = 6KG7K2WG9J;
				ENABLE_PREVIEWS = YES;
				GENERATE_INFOPLIST_FILE = YES;
				INFOPLIST_FILE = WhereWeGoApptvOS/Info.plist;
				INFOPLIST_KEY_NSLocalNetworkUsageDescription = "";
				INFOPLIST_KEY_UILaunchScreen_Generation = YES;
				INFOPLIST_KEY_UIUserInterfaceStyle = Automatic;
				LD_RUNPATH_SEARCH_PATHS = (
					"$(inherited)",
					"@executable_path/Frameworks",
				);
				MARKETING_VERSION = 1.0;
				PRODUCT_BUNDLE_IDENTIFIER = "fonztara.PartyEat-iOS";
				PRODUCT_NAME = "$(TARGET_NAME)";
				SWIFT_EMIT_LOC_STRINGS = YES;
				SWIFT_VERSION = 5.0;
				TARGETED_DEVICE_FAMILY = 3;
			};
			name = Debug;
		};
		85AEFA0D2874721000F871E1 /* Release */ = {
			isa = XCBuildConfiguration;
			buildSettings = {
				ASSETCATALOG_COMPILER_APPICON_NAME = "App Icon & Top Shelf Image";
				ASSETCATALOG_COMPILER_GLOBAL_ACCENT_COLOR_NAME = AccentColor;
				CODE_SIGN_STYLE = Automatic;
				CURRENT_PROJECT_VERSION = 1;
				DEVELOPMENT_ASSET_PATHS = "\"WhereWeGoApptvOS/Preview Content\"";
				DEVELOPMENT_TEAM = 6KG7K2WG9J;
				ENABLE_PREVIEWS = YES;
				GENERATE_INFOPLIST_FILE = YES;
				INFOPLIST_FILE = WhereWeGoApptvOS/Info.plist;
				INFOPLIST_KEY_NSLocalNetworkUsageDescription = "";
				INFOPLIST_KEY_UILaunchScreen_Generation = YES;
				INFOPLIST_KEY_UIUserInterfaceStyle = Automatic;
				LD_RUNPATH_SEARCH_PATHS = (
					"$(inherited)",
					"@executable_path/Frameworks",
				);
				MARKETING_VERSION = 1.0;
				PRODUCT_BUNDLE_IDENTIFIER = "fonztara.PartyEat-iOS";
				PRODUCT_NAME = "$(TARGET_NAME)";
				SWIFT_EMIT_LOC_STRINGS = YES;
				SWIFT_VERSION = 5.0;
				TARGETED_DEVICE_FAMILY = 3;
			};
			name = Release;
		};
/* End XCBuildConfiguration section */

/* Begin XCConfigurationList section */
		85AEF9F82874720F00F871E1 /* Build configuration list for PBXProject "WhereWeGoApptvOS" */ = {
			isa = XCConfigurationList;
			buildConfigurations = (
				85AEFA092874721000F871E1 /* Debug */,
				85AEFA0A2874721000F871E1 /* Release */,
			);
			defaultConfigurationIsVisible = 0;
			defaultConfigurationName = Release;
		};
		85AEFA0B2874721000F871E1 /* Build configuration list for PBXNativeTarget "WhereWeGoApptvOS" */ = {
			isa = XCConfigurationList;
			buildConfigurations = (
				85AEFA0C2874721000F871E1 /* Debug */,
				85AEFA0D2874721000F871E1 /* Release */,
			);
			defaultConfigurationIsVisible = 0;
			defaultConfigurationName = Release;
		};
/* End XCConfigurationList section */
	};
	rootObject = 85AEF9F52874720F00F871E1 /* Project object */;
}
