// !$*UTF8*$!
{
	archiveVersion = 1;
	classes = {
	};
	objectVersion = 55;
	objects = {

/* Begin PBXBuildFile section */
		045B90CA287E39340038E596 /* BgView.swift in Sources */ = {isa = PBXBuildFile; fileRef = 045B90C9287E39340038E596 /* BgView.swift */; };
		850E10BF28786D3600DB3B2C /* Profile.swift in Sources */ = {isa = PBXBuildFile; fileRef = 850E10BE28786D3600DB3B2C /* Profile.swift */; };
		854A5B8E28747C8200CB3942 /* VistaiOS.swift in Sources */ = {isa = PBXBuildFile; fileRef = 854A5B8D28747C8200CB3942 /* VistaiOS.swift */; };
		85611F3D2874A6A30067855D /* Message.swift in Sources */ = {isa = PBXBuildFile; fileRef = 85611F3C2874A6A30067855D /* Message.swift */; };
		85611F412874A9350067855D /* MPCManager.swift in Sources */ = {isa = PBXBuildFile; fileRef = 85611F402874A9350067855D /* MPCManager.swift */; };
		856A7C4F287721CA00A4BFEE /* InitialView.swift in Sources */ = {isa = PBXBuildFile; fileRef = 856A7C4E287721CA00A4BFEE /* InitialView.swift */; };
		856A7C5128772AA100A4BFEE /* SetUpView.swift in Sources */ = {isa = PBXBuildFile; fileRef = 856A7C5028772AA100A4BFEE /* SetUpView.swift */; };
		856A7C5428772FFB00A4BFEE /* ImagePickerView.swift in Sources */ = {isa = PBXBuildFile; fileRef = 856A7C5328772FFB00A4BFEE /* ImagePickerView.swift */; };
		85AC4933287C4DC5000FFD4B /* WaitingView.swift in Sources */ = {isa = PBXBuildFile; fileRef = 85AC4932287C4DC5000FFD4B /* WaitingView.swift */; };
		85AC4937287C5298000FFD4B /* WaitingView2.swift in Sources */ = {isa = PBXBuildFile; fileRef = 85AC4936287C5298000FFD4B /* WaitingView2.swift */; };
		85AEF9E7287471E900F871E1 /* WhereWeGoAppiOSApp.swift in Sources */ = {isa = PBXBuildFile; fileRef = 85AEF9E6287471E900F871E1 /* WhereWeGoAppiOSApp.swift */; };
		85AEF9E9287471E900F871E1 /* ContentView.swift in Sources */ = {isa = PBXBuildFile; fileRef = 85AEF9E8287471E900F871E1 /* ContentView.swift */; };
		85AEF9EB287471EB00F871E1 /* Assets.xcassets in Resources */ = {isa = PBXBuildFile; fileRef = 85AEF9EA287471EB00F871E1 /* Assets.xcassets */; };
		85AEF9EE287471EB00F871E1 /* Preview Assets.xcassets in Resources */ = {isa = PBXBuildFile; fileRef = 85AEF9ED287471EB00F871E1 /* Preview Assets.xcassets */; };
		85F3A9FA287F207C00BCAF9A /* WaitingView3.swift in Sources */ = {isa = PBXBuildFile; fileRef = 85F3A9F9287F207C00BCAF9A /* WaitingView3.swift */; };
/* End PBXBuildFile section */

/* Begin PBXFileReference section */
		045B90C9287E39340038E596 /* BgView.swift */ = {isa = PBXFileReference; lastKnownFileType = sourcecode.swift; path = BgView.swift; sourceTree = "<group>"; };
		850E10BE28786D3600DB3B2C /* Profile.swift */ = {isa = PBXFileReference; lastKnownFileType = sourcecode.swift; path = Profile.swift; sourceTree = "<group>"; };
		854A5B8D28747C8200CB3942 /* VistaiOS.swift */ = {isa = PBXFileReference; fileEncoding = 4; lastKnownFileType = sourcecode.swift; path = VistaiOS.swift; sourceTree = "<group>"; };
		85611F3C2874A6A30067855D /* Message.swift */ = {isa = PBXFileReference; lastKnownFileType = sourcecode.swift; path = Message.swift; sourceTree = "<group>"; };
		85611F402874A9350067855D /* MPCManager.swift */ = {isa = PBXFileReference; lastKnownFileType = sourcecode.swift; path = MPCManager.swift; sourceTree = "<group>"; };
		856A7C4E287721CA00A4BFEE /* InitialView.swift */ = {isa = PBXFileReference; lastKnownFileType = sourcecode.swift; path = InitialView.swift; sourceTree = "<group>"; };
		856A7C5028772AA100A4BFEE /* SetUpView.swift */ = {isa = PBXFileReference; lastKnownFileType = sourcecode.swift; path = SetUpView.swift; sourceTree = "<group>"; };
		856A7C5228772F3600A4BFEE /* Info.plist */ = {isa = PBXFileReference; lastKnownFileType = text.plist; path = Info.plist; sourceTree = "<group>"; };
		856A7C5328772FFB00A4BFEE /* ImagePickerView.swift */ = {isa = PBXFileReference; lastKnownFileType = sourcecode.swift; path = ImagePickerView.swift; sourceTree = "<group>"; };
		85AC4932287C4DC5000FFD4B /* WaitingView.swift */ = {isa = PBXFileReference; fileEncoding = 4; lastKnownFileType = sourcecode.swift; path = WaitingView.swift; sourceTree = "<group>"; };
		85AC4936287C5298000FFD4B /* WaitingView2.swift */ = {isa = PBXFileReference; lastKnownFileType = sourcecode.swift; path = WaitingView2.swift; sourceTree = "<group>"; };
		85AEF9E3287471E900F871E1 /* WhereWeGoAppiOS.app */ = {isa = PBXFileReference; explicitFileType = wrapper.application; includeInIndex = 0; path = WhereWeGoAppiOS.app; sourceTree = BUILT_PRODUCTS_DIR; };
		85AEF9E6287471E900F871E1 /* WhereWeGoAppiOSApp.swift */ = {isa = PBXFileReference; lastKnownFileType = sourcecode.swift; path = WhereWeGoAppiOSApp.swift; sourceTree = "<group>"; };
		85AEF9E8287471E900F871E1 /* ContentView.swift */ = {isa = PBXFileReference; lastKnownFileType = sourcecode.swift; path = ContentView.swift; sourceTree = "<group>"; };
		85AEF9EA287471EB00F871E1 /* Assets.xcassets */ = {isa = PBXFileReference; lastKnownFileType = folder.assetcatalog; path = Assets.xcassets; sourceTree = "<group>"; };
		85AEF9ED287471EB00F871E1 /* Preview Assets.xcassets */ = {isa = PBXFileReference; lastKnownFileType = folder.assetcatalog; path = "Preview Assets.xcassets"; sourceTree = "<group>"; };
		85F3A9F9287F207C00BCAF9A /* WaitingView3.swift */ = {isa = PBXFileReference; lastKnownFileType = sourcecode.swift; path = WaitingView3.swift; sourceTree = "<group>"; };
/* End PBXFileReference section */

/* Begin PBXFrameworksBuildPhase section */
		85AEF9E0287471E900F871E1 /* Frameworks */ = {
			isa = PBXFrameworksBuildPhase;
			buildActionMask = 2147483647;
			files = (
			);
			runOnlyForDeploymentPostprocessing = 0;
		};
/* End PBXFrameworksBuildPhase section */

/* Begin PBXGroup section */
		857B74632874A5BC00552DB9 /* Connectivity */ = {
			isa = PBXGroup;
			children = (
				85611F3C2874A6A30067855D /* Message.swift */,
				85611F402874A9350067855D /* MPCManager.swift */,
				850E10BE28786D3600DB3B2C /* Profile.swift */,
			);
			path = Connectivity;
			sourceTree = "<group>";
		};
		85AEF9DA287471E900F871E1 = {
			isa = PBXGroup;
			children = (
				857B74632874A5BC00552DB9 /* Connectivity */,
				85AEF9E5287471E900F871E1 /* WhereWeGoAppiOS */,
				85AEF9E4287471E900F871E1 /* Products */,
			);
			sourceTree = "<group>";
		};
		85AEF9E4287471E900F871E1 /* Products */ = {
			isa = PBXGroup;
			children = (
				85AEF9E3287471E900F871E1 /* WhereWeGoAppiOS.app */,
			);
			name = Products;
			sourceTree = "<group>";
		};
		85AEF9E5287471E900F871E1 /* WhereWeGoAppiOS */ = {
			isa = PBXGroup;
			children = (
				856A7C5228772F3600A4BFEE /* Info.plist */,
				85AEF9E8287471E900F871E1 /* ContentView.swift */,
				856A7C4E287721CA00A4BFEE /* InitialView.swift */,
				856A7C5028772AA100A4BFEE /* SetUpView.swift */,
				85AC4932287C4DC5000FFD4B /* WaitingView.swift */,
				854A5B8D28747C8200CB3942 /* VistaiOS.swift */,
				85AC4936287C5298000FFD4B /* WaitingView2.swift */,
				85F3A9F9287F207C00BCAF9A /* WaitingView3.swift */,
				85AEF9EA287471EB00F871E1 /* Assets.xcassets */,
				85AEF9E6287471E900F871E1 /* WhereWeGoAppiOSApp.swift */,
				856A7C5328772FFB00A4BFEE /* ImagePickerView.swift */,
				85AEF9EC287471EB00F871E1 /* Preview Content */,
				045B90C9287E39340038E596 /* BgView.swift */,
			);
			path = WhereWeGoAppiOS;
			sourceTree = "<group>";
		};
		85AEF9EC287471EB00F871E1 /* Preview Content */ = {
			isa = PBXGroup;
			children = (
				85AEF9ED287471EB00F871E1 /* Preview Assets.xcassets */,
			);
			path = "Preview Content";
			sourceTree = "<group>";
		};
/* End PBXGroup section */

/* Begin PBXNativeTarget section */
		85AEF9E2287471E900F871E1 /* WhereWeGoAppiOS */ = {
			isa = PBXNativeTarget;
			buildConfigurationList = 85AEF9F1287471EB00F871E1 /* Build configuration list for PBXNativeTarget "WhereWeGoAppiOS" */;
			buildPhases = (
				85AEF9DF287471E900F871E1 /* Sources */,
				85AEF9E0287471E900F871E1 /* Frameworks */,
				85AEF9E1287471E900F871E1 /* Resources */,
			);
			buildRules = (
			);
			dependencies = (
			);
			name = WhereWeGoAppiOS;
			productName = WhereWeGoAppiOS;
			productReference = 85AEF9E3287471E900F871E1 /* WhereWeGoAppiOS.app */;
			productType = "com.apple.product-type.application";
		};
/* End PBXNativeTarget section */

/* Begin PBXProject section */
		85AEF9DB287471E900F871E1 /* Project object */ = {
			isa = PBXProject;
			attributes = {
				BuildIndependentTargetsInParallel = 1;
				LastSwiftUpdateCheck = 1340;
				LastUpgradeCheck = 1340;
				TargetAttributes = {
					85AEF9E2287471E900F871E1 = {
						CreatedOnToolsVersion = 13.4.1;
					};
				};
			};
			buildConfigurationList = 85AEF9DE287471E900F871E1 /* Build configuration list for PBXProject "WhereWeGoAppiOS" */;
			compatibilityVersion = "Xcode 13.0";
			developmentRegion = en;
			hasScannedForEncodings = 0;
			knownRegions = (
				en,
				Base,
			);
			mainGroup = 85AEF9DA287471E900F871E1;
			productRefGroup = 85AEF9E4287471E900F871E1 /* Products */;
			projectDirPath = "";
			projectRoot = "";
			targets = (
				85AEF9E2287471E900F871E1 /* WhereWeGoAppiOS */,
			);
		};
/* End PBXProject section */

/* Begin PBXResourcesBuildPhase section */
		85AEF9E1287471E900F871E1 /* Resources */ = {
			isa = PBXResourcesBuildPhase;
			buildActionMask = 2147483647;
			files = (
				85AEF9EE287471EB00F871E1 /* Preview Assets.xcassets in Resources */,
				85AEF9EB287471EB00F871E1 /* Assets.xcassets in Resources */,
			);
			runOnlyForDeploymentPostprocessing = 0;
		};
/* End PBXResourcesBuildPhase section */

/* Begin PBXSourcesBuildPhase section */
		85AEF9DF287471E900F871E1 /* Sources */ = {
			isa = PBXSourcesBuildPhase;
			buildActionMask = 2147483647;
			files = (
				85AC4933287C4DC5000FFD4B /* WaitingView.swift in Sources */,
				85AC4937287C5298000FFD4B /* WaitingView2.swift in Sources */,
				854A5B8E28747C8200CB3942 /* VistaiOS.swift in Sources */,
				850E10BF28786D3600DB3B2C /* Profile.swift in Sources */,
				85611F3D2874A6A30067855D /* Message.swift in Sources */,
				85611F412874A9350067855D /* MPCManager.swift in Sources */,
				856A7C5428772FFB00A4BFEE /* ImagePickerView.swift in Sources */,
				85AEF9E9287471E900F871E1 /* ContentView.swift in Sources */,
				85F3A9FA287F207C00BCAF9A /* WaitingView3.swift in Sources */,
				856A7C4F287721CA00A4BFEE /* InitialView.swift in Sources */,
				856A7C5128772AA100A4BFEE /* SetUpView.swift in Sources */,
				85AEF9E7287471E900F871E1 /* WhereWeGoAppiOSApp.swift in Sources */,
				045B90CA287E39340038E596 /* BgView.swift in Sources */,
			);
			runOnlyForDeploymentPostprocessing = 0;
		};
/* End PBXSourcesBuildPhase section */

/* Begin XCBuildConfiguration section */
		85AEF9EF287471EB00F871E1 /* Debug */ = {
			isa = XCBuildConfiguration;
			buildSettings = {
				ALWAYS_SEARCH_USER_PATHS = NO;
				CLANG_ANALYZER_NONNULL = YES;
				CLANG_ANALYZER_NUMBER_OBJECT_CONVERSION = YES_AGGRESSIVE;
				CLANG_CXX_LANGUAGE_STANDARD = "gnu++17";
				CLANG_ENABLE_MODULES = YES;
				CLANG_ENABLE_OBJC_ARC = YES;
				CLANG_ENABLE_OBJC_WEAK = YES;
				CLANG_WARN_BLOCK_CAPTURE_AUTORELEASING = YES;
				CLANG_WARN_BOOL_CONVERSION = YES;
				CLANG_WARN_COMMA = YES;
				CLANG_WARN_CONSTANT_CONVERSION = YES;
				CLANG_WARN_DEPRECATED_OBJC_IMPLEMENTATIONS = YES;
				CLANG_WARN_DIRECT_OBJC_ISA_USAGE = YES_ERROR;
				CLANG_WARN_DOCUMENTATION_COMMENTS = YES;
				CLANG_WARN_EMPTY_BODY = YES;
				CLANG_WARN_ENUM_CONVERSION = YES;
				CLANG_WARN_INFINITE_RECURSION = YES;
				CLANG_WARN_INT_CONVERSION = YES;
				CLANG_WARN_NON_LITERAL_NULL_CONVERSION = YES;
				CLANG_WARN_OBJC_IMPLICIT_RETAIN_SELF = YES;
				CLANG_WARN_OBJC_LITERAL_CONVERSION = YES;
				CLANG_WARN_OBJC_ROOT_CLASS = YES_ERROR;
				CLANG_WARN_QUOTED_INCLUDE_IN_FRAMEWORK_HEADER = YES;
				CLANG_WARN_RANGE_LOOP_ANALYSIS = YES;
				CLANG_WARN_STRICT_PROTOTYPES = YES;
				CLANG_WARN_SUSPICIOUS_MOVE = YES;
				CLANG_WARN_UNGUARDED_AVAILABILITY = YES_AGGRESSIVE;
				CLANG_WARN_UNREACHABLE_CODE = YES;
				CLANG_WARN__DUPLICATE_METHOD_MATCH = YES;
				COPY_PHASE_STRIP = NO;
				DEBUG_INFORMATION_FORMAT = dwarf;
				ENABLE_STRICT_OBJC_MSGSEND = YES;
				ENABLE_TESTABILITY = YES;
				GCC_C_LANGUAGE_STANDARD = gnu11;
				GCC_DYNAMIC_NO_PIC = NO;
				GCC_NO_COMMON_BLOCKS = YES;
				GCC_OPTIMIZATION_LEVEL = 0;
				GCC_PREPROCESSOR_DEFINITIONS = (
					"DEBUG=1",
					"$(inherited)",
				);
				GCC_WARN_64_TO_32_BIT_CONVERSION = YES;
				GCC_WARN_ABOUT_RETURN_TYPE = YES_ERROR;
				GCC_WARN_UNDECLARED_SELECTOR = YES;
				GCC_WARN_UNINITIALIZED_AUTOS = YES_AGGRESSIVE;
				GCC_WARN_UNUSED_FUNCTION = YES;
				GCC_WARN_UNUSED_VARIABLE = YES;
				IPHONEOS_DEPLOYMENT_TARGET = 15.5;
				MTL_ENABLE_DEBUG_INFO = INCLUDE_SOURCE;
				MTL_FAST_MATH = YES;
				ONLY_ACTIVE_ARCH = YES;
				SDKROOT = iphoneos;
				SWIFT_ACTIVE_COMPILATION_CONDITIONS = DEBUG;
				SWIFT_OPTIMIZATION_LEVEL = "-Onone";
			};
			name = Debug;
		};
		85AEF9F0287471EB00F871E1 /* Release */ = {
			isa = XCBuildConfiguration;
			buildSettings = {
				ALWAYS_SEARCH_USER_PATHS = NO;
				CLANG_ANALYZER_NONNULL = YES;
				CLANG_ANALYZER_NUMBER_OBJECT_CONVERSION = YES_AGGRESSIVE;
				CLANG_CXX_LANGUAGE_STANDARD = "gnu++17";
				CLANG_ENABLE_MODULES = YES;
				CLANG_ENABLE_OBJC_ARC = YES;
				CLANG_ENABLE_OBJC_WEAK = YES;
				CLANG_WARN_BLOCK_CAPTURE_AUTORELEASING = YES;
				CLANG_WARN_BOOL_CONVERSION = YES;
				CLANG_WARN_COMMA = YES;
				CLANG_WARN_CONSTANT_CONVERSION = YES;
				CLANG_WARN_DEPRECATED_OBJC_IMPLEMENTATIONS = YES;
				CLANG_WARN_DIRECT_OBJC_ISA_USAGE = YES_ERROR;
				CLANG_WARN_DOCUMENTATION_COMMENTS = YES;
				CLANG_WARN_EMPTY_BODY = YES;
				CLANG_WARN_ENUM_CONVERSION = YES;
				CLANG_WARN_INFINITE_RECURSION = YES;
				CLANG_WARN_INT_CONVERSION = YES;
				CLANG_WARN_NON_LITERAL_NULL_CONVERSION = YES;
				CLANG_WARN_OBJC_IMPLICIT_RETAIN_SELF = YES;
				CLANG_WARN_OBJC_LITERAL_CONVERSION = YES;
				CLANG_WARN_OBJC_ROOT_CLASS = YES_ERROR;
				CLANG_WARN_QUOTED_INCLUDE_IN_FRAMEWORK_HEADER = YES;
				CLANG_WARN_RANGE_LOOP_ANALYSIS = YES;
				CLANG_WARN_STRICT_PROTOTYPES = YES;
				CLANG_WARN_SUSPICIOUS_MOVE = YES;
				CLANG_WARN_UNGUARDED_AVAILABILITY = YES_AGGRESSIVE;
				CLANG_WARN_UNREACHABLE_CODE = YES;
				CLANG_WARN__DUPLICATE_METHOD_MATCH = YES;
				COPY_PHASE_STRIP = NO;
				DEBUG_INFORMATION_FORMAT = "dwarf-with-dsym";
				ENABLE_NS_ASSERTIONS = NO;
				ENABLE_STRICT_OBJC_MSGSEND = YES;
				GCC_C_LANGUAGE_STANDARD = gnu11;
				GCC_NO_COMMON_BLOCKS = YES;
				GCC_WARN_64_TO_32_BIT_CONVERSION = YES;
				GCC_WARN_ABOUT_RETURN_TYPE = YES_ERROR;
				GCC_WARN_UNDECLARED_SELECTOR = YES;
				GCC_WARN_UNINITIALIZED_AUTOS = YES_AGGRESSIVE;
				GCC_WARN_UNUSED_FUNCTION = YES;
				GCC_WARN_UNUSED_VARIABLE = YES;
				IPHONEOS_DEPLOYMENT_TARGET = 15.5;
				MTL_ENABLE_DEBUG_INFO = NO;
				MTL_FAST_MATH = YES;
				SDKROOT = iphoneos;
				SWIFT_COMPILATION_MODE = wholemodule;
				SWIFT_OPTIMIZATION_LEVEL = "-O";
				VALIDATE_PRODUCT = YES;
			};
			name = Release;
		};
		85AEF9F2287471EB00F871E1 /* Debug */ = {
			isa = XCBuildConfiguration;
			buildSettings = {
				ASSETCATALOG_COMPILER_APPICON_NAME = AppIcon;
				ASSETCATALOG_COMPILER_GLOBAL_ACCENT_COLOR_NAME = AccentColor;
				CODE_SIGN_STYLE = Automatic;
				CURRENT_PROJECT_VERSION = 1;
				DEVELOPMENT_ASSET_PATHS = "\"WhereWeGoAppiOS/Preview Content\"";
				DEVELOPMENT_TEAM = 6KG7K2WG9J;
				ENABLE_PREVIEWS = YES;
				GENERATE_INFOPLIST_FILE = YES;
				INFOPLIST_FILE = WhereWeGoAppiOS/Info.plist;
				INFOPLIST_KEY_NSCameraUsageDescription = "Give permission to camera?";
				INFOPLIST_KEY_NSLocalNetworkUsageDescription = "";
				INFOPLIST_KEY_UIApplicationSceneManifest_Generation = YES;
				INFOPLIST_KEY_UIApplicationSupportsIndirectInputEvents = YES;
				INFOPLIST_KEY_UILaunchScreen_Generation = YES;
				INFOPLIST_KEY_UISupportedInterfaceOrientations_iPad = "UIInterfaceOrientationPortrait UIInterfaceOrientationPortraitUpsideDown UIInterfaceOrientationLandscapeLeft UIInterfaceOrientationLandscapeRight";
				INFOPLIST_KEY_UISupportedInterfaceOrientations_iPhone = "UIInterfaceOrientationPortrait UIInterfaceOrientationLandscapeLeft UIInterfaceOrientationLandscapeRight";
				LD_RUNPATH_SEARCH_PATHS = (
					"$(inherited)",
					"@executable_path/Frameworks",
				);
				MARKETING_VERSION = 1.0;
				PRODUCT_BUNDLE_IDENTIFIER = "fonztara.PartyEat-iOS";
				PRODUCT_NAME = "$(TARGET_NAME)";
				SWIFT_EMIT_LOC_STRINGS = YES;
				SWIFT_VERSION = 5.0;
				TARGETED_DEVICE_FAMILY = "1,2";
			};
			name = Debug;
		};
		85AEF9F3287471EB00F871E1 /* Release */ = {
			isa = XCBuildConfiguration;
			buildSettings = {
				ASSETCATALOG_COMPILER_APPICON_NAME = AppIcon;
				ASSETCATALOG_COMPILER_GLOBAL_ACCENT_COLOR_NAME = AccentColor;
				CODE_SIGN_STYLE = Automatic;
				CURRENT_PROJECT_VERSION = 1;
				DEVELOPMENT_ASSET_PATHS = "\"WhereWeGoAppiOS/Preview Content\"";
				DEVELOPMENT_TEAM = 6KG7K2WG9J;
				ENABLE_PREVIEWS = YES;
				GENERATE_INFOPLIST_FILE = YES;
				INFOPLIST_FILE = WhereWeGoAppiOS/Info.plist;
				INFOPLIST_KEY_NSCameraUsageDescription = "Give permission to camera?";
				INFOPLIST_KEY_NSLocalNetworkUsageDescription = "";
				INFOPLIST_KEY_UIApplicationSceneManifest_Generation = YES;
				INFOPLIST_KEY_UIApplicationSupportsIndirectInputEvents = YES;
				INFOPLIST_KEY_UILaunchScreen_Generation = YES;
				INFOPLIST_KEY_UISupportedInterfaceOrientations_iPad = "UIInterfaceOrientationPortrait UIInterfaceOrientationPortraitUpsideDown UIInterfaceOrientationLandscapeLeft UIInterfaceOrientationLandscapeRight";
				INFOPLIST_KEY_UISupportedInterfaceOrientations_iPhone = "UIInterfaceOrientationPortrait UIInterfaceOrientationLandscapeLeft UIInterfaceOrientationLandscapeRight";
				LD_RUNPATH_SEARCH_PATHS = (
					"$(inherited)",
					"@executable_path/Frameworks",
				);
				MARKETING_VERSION = 1.0;
				PRODUCT_BUNDLE_IDENTIFIER = "fonztara.PartyEat-iOS";
				PRODUCT_NAME = "$(TARGET_NAME)";
				SWIFT_EMIT_LOC_STRINGS = YES;
				SWIFT_VERSION = 5.0;
				TARGETED_DEVICE_FAMILY = "1,2";
			};
			name = Release;
		};
/* End XCBuildConfiguration section */

/* Begin XCConfigurationList section */
		85AEF9DE287471E900F871E1 /* Build configuration list for PBXProject "WhereWeGoAppiOS" */ = {
			isa = XCConfigurationList;
			buildConfigurations = (
				85AEF9EF287471EB00F871E1 /* Debug */,
				85AEF9F0287471EB00F871E1 /* Release */,
			);
			defaultConfigurationIsVisible = 0;
			defaultConfigurationName = Release;
		};
		85AEF9F1287471EB00F871E1 /* Build configuration list for PBXNativeTarget "WhereWeGoAppiOS" */ = {
			isa = XCConfigurationList;
			buildConfigurations = (
				85AEF9F2287471EB00F871E1 /* Debug */,
				85AEF9F3287471EB00F871E1 /* Release */,
			);
			defaultConfigurationIsVisible = 0;
			defaultConfigurationName = Release;
		};
/* End XCConfigurationList section */
	};
	rootObject = 85AEF9DB287471E900F871E1 /* Project object */;
}
